
Microsoft Visual Studio Solution File, Format Version 12.00
# Visual Studio 2013
VisualStudioVersion = 12.0.40629.0
MinimumVisualStudioVersion = 10.0.40219.1
Project("{FAE04EC0-301F-11D3-BF4B-00C04F79EFBC}") = "RobotController", "RobotController\RobotController.csproj", "{27388B47-724F-4C31-ADB2-CD72080D6EFD}"
EndProject
Project("{FAE04EC0-301F-11D3-BF4B-00C04F79EFBC}") = "UnitTests", "UnitTests\UnitTests.csproj", "{285FA122-CABA-4DC0-9E1A-B7E24A194012}"
EndProject
Global
	GlobalSection(SolutionConfigurationPlatforms) = preSolution
		Debug|Any CPU = Debug|Any CPU
		Release|Any CPU = Release|Any CPU
	EndGlobalSection
	GlobalSection(ProjectConfigurationPlatforms) = postSolution
		{27388B47-724F-4C31-ADB2-CD72080D6EFD}.Debug|Any CPU.ActiveCfg = Debug|Any CPU
		{27388B47-724F-4C31-ADB2-CD72080D6EFD}.Debug|Any CPU.Build.0 = Debug|Any CPU
		{27388B47-724F-4C31-ADB2-CD72080D6EFD}.Release|Any CPU.ActiveCfg = Release|Any CPU
		{27388B47-724F-4C31-ADB2-CD72080D6EFD}.Release|Any CPU.Build.0 = Release|Any CPU
		{285FA122-CABA-4DC0-9E1A-B7E24A194012}.Debug|Any CPU.ActiveCfg = Debug|Any CPU
		{285FA122-CABA-4DC0-9E1A-B7E24A194012}.Debug|Any CPU.Build.0 = Debug|Any CPU
		{285FA122-CABA-4DC0-9E1A-B7E24A194012}.Release|Any CPU.ActiveCfg = Release|Any CPU
		{285FA122-CABA-4DC0-9E1A-B7E24A194012}.Release|Any CPU.Build.0 = Release|Any CPU
	EndGlobalSection
	GlobalSection(SolutionProperties) = preSolution
		HideSolutionNode = FALSE
	EndGlobalSection
EndGlobal
